
Microsoft Visual Studio Solution File, Format Version 12.00
# Visual Studio Version 17
VisualStudioVersion = 17.0.31919.166
MinimumVisualStudioVersion = 10.0.40219.1
Project("{9A19103F-16F7-4668-BE54-9A1E7A4F7556}") = "HistoryQuiz", "HistoryQuiz\HistoryQuiz.csproj", "{C0965C5F-2978-4022-A7F1-EC4A9024AFF7}"
EndProject
Project("{FAE04EC0-301F-11D3-BF4B-00C04F79EFBC}") = "HistoryQuiz.Test", "HistoryQuiz.Test\HistoryQuiz.Test.csproj", "{0CA07AD6-2C0D-4DCA-8650-E2E72F65896D}"
EndProject
Global
	GlobalSection(SolutionConfigurationPlatforms) = preSolution
		Debug|Any CPU = Debug|Any CPU
		Release|Any CPU = Release|Any CPU
	EndGlobalSection
	GlobalSection(ProjectConfigurationPlatforms) = postSolution
		{C0965C5F-2978-4022-A7F1-EC4A9024AFF7}.Debug|Any CPU.ActiveCfg = Debug|Any CPU
		{C0965C5F-2978-4022-A7F1-EC4A9024AFF7}.Debug|Any CPU.Build.0 = Debug|Any CPU
		{C0965C5F-2978-4022-A7F1-EC4A9024AFF7}.Release|Any CPU.ActiveCfg = Release|Any CPU
		{C0965C5F-2978-4022-A7F1-EC4A9024AFF7}.Release|Any CPU.Build.0 = Release|Any CPU
		{0CA07AD6-2C0D-4DCA-8650-E2E72F65896D}.Debug|Any CPU.ActiveCfg = Debug|Any CPU
		{0CA07AD6-2C0D-4DCA-8650-E2E72F65896D}.Debug|Any CPU.Build.0 = Debug|Any CPU
		{0CA07AD6-2C0D-4DCA-8650-E2E72F65896D}.Release|Any CPU.ActiveCfg = Release|Any CPU
		{0CA07AD6-2C0D-4DCA-8650-E2E72F65896D}.Release|Any CPU.Build.0 = Release|Any CPU
	EndGlobalSection
	GlobalSection(SolutionProperties) = preSolution
		HideSolutionNode = FALSE
	EndGlobalSection
	GlobalSection(ExtensibilityGlobals) = postSolution
		SolutionGuid = {D7D64E54-75B9-4007-A5D2-0233D4DAC73E}
	EndGlobalSection
EndGlobal
